
Microsoft Visual Studio Solution File, Format Version 11.00
# Visual Studio 2010
Project("{FAE04EC0-301F-11D3-BF4B-00C04F79EFBC}") = "Assembly-CSharp", "Assembly-CSharp.csproj", "{ecb7a92e-65f5-3857-7c65-9d6d87560f14}"
EndProject
Project("{FAE04EC0-301F-11D3-BF4B-00C04F79EFBC}") = "UnityGameFramework.Runtime", "UnityGameFramework.Runtime.csproj", "{d342335c-e18a-817e-fdbc-70872bc743f1}"
EndProject
Project("{FAE04EC0-301F-11D3-BF4B-00C04F79EFBC}") = "GameFramework", "GameFramework.csproj", "{010f1da2-87ef-fbe4-c21f-923cfeedcb24}"
EndProject
Project("{FAE04EC0-301F-11D3-BF4B-00C04F79EFBC}") = "Assembly-CSharp-Editor", "Assembly-CSharp-Editor.csproj", "{cc7e8131-b611-4784-2793-0e5067a0e11d}"
EndProject
Project("{FAE04EC0-301F-11D3-BF4B-00C04F79EFBC}") = "UnityGameFramework.Editor", "UnityGameFramework.Editor.csproj", "{6aaf105c-4452-b706-ebae-e6eda1ec61c1}"
EndProject
Global
	GlobalSection(SolutionConfigurationPlatforms) = preSolution
		Debug|Any CPU = Debug|Any CPU
	EndGlobalSection
	GlobalSection(ProjectConfigurationPlatforms) = postSolution
		{ecb7a92e-65f5-3857-7c65-9d6d87560f14}.Debug|Any CPU.ActiveCfg = Debug|Any CPU
		{ecb7a92e-65f5-3857-7c65-9d6d87560f14}.Debug|Any CPU.Build.0 = Debug|Any CPU
		{d342335c-e18a-817e-fdbc-70872bc743f1}.Debug|Any CPU.ActiveCfg = Debug|Any CPU
		{d342335c-e18a-817e-fdbc-70872bc743f1}.Debug|Any CPU.Build.0 = Debug|Any CPU
		{010f1da2-87ef-fbe4-c21f-923cfeedcb24}.Debug|Any CPU.ActiveCfg = Debug|Any CPU
		{010f1da2-87ef-fbe4-c21f-923cfeedcb24}.Debug|Any CPU.Build.0 = Debug|Any CPU
		{cc7e8131-b611-4784-2793-0e5067a0e11d}.Debug|Any CPU.ActiveCfg = Debug|Any CPU
		{cc7e8131-b611-4784-2793-0e5067a0e11d}.Debug|Any CPU.Build.0 = Debug|Any CPU
		{6aaf105c-4452-b706-ebae-e6eda1ec61c1}.Debug|Any CPU.ActiveCfg = Debug|Any CPU
		{6aaf105c-4452-b706-ebae-e6eda1ec61c1}.Debug|Any CPU.Build.0 = Debug|Any CPU
	EndGlobalSection
	GlobalSection(SolutionProperties) = preSolution
		HideSolutionNode = FALSE
	EndGlobalSection
EndGlobal
